
Microsoft Visual Studio Solution File, Format Version 12.00
# Visual Studio Version 17
VisualStudioVersion = 17.11.35303.130
MinimumVisualStudioVersion = 10.0.40219.1
Project("{FAE04EC0-301F-11D3-BF4B-00C04F79EFBC}") = "ServerApp", "ServerApp\ServerApp.csproj", "{C8B4AE38-9BE0-42A4-8A0D-9038704FA873}"
EndProject
Global
	GlobalSection(SolutionConfigurationPlatforms) = preSolution
		Debug|Any CPU = Debug|Any CPU
		Release|Any CPU = Release|Any CPU
	EndGlobalSection
	GlobalSection(ProjectConfigurationPlatforms) = postSolution
		{C8B4AE38-9BE0-42A4-8A0D-9038704FA873}.Debug|Any CPU.ActiveCfg = Debug|Any CPU
		{C8B4AE38-9BE0-42A4-8A0D-9038704FA873}.Debug|Any CPU.Build.0 = Debug|Any CPU
		{C8B4AE38-9BE0-42A4-8A0D-9038704FA873}.Release|Any CPU.ActiveCfg = Release|Any CPU
		{C8B4AE38-9BE0-42A4-8A0D-9038704FA873}.Release|Any CPU.Build.0 = Release|Any CPU
	EndGlobalSection
	GlobalSection(SolutionProperties) = preSolution
		HideSolutionNode = FALSE
	EndGlobalSection
	GlobalSection(ExtensibilityGlobals) = postSolution
		SolutionGuid = {C0DB81C4-6451-4E5F-99F9-300AB0C9481F}
	EndGlobalSection
EndGlobal
